{
	"name": "hello-uniapp",
	"version": "3.4.8",
	"lockfileVersion": 3,
	"requires": true,
	"packages": {
		"": {
			"name": "hello-uniapp",
			"version": "3.4.8",
			"license": "MIT",
			"dependencies": {
				"@qiun/ucharts": "^2.5.0-20230101",
				"moment": "^2.30.1"
			}
		},
		"node_modules/@qiun/ucharts": {
			"version": "2.5.0-20230101",
			"resolved": "https://registry.npmmirror.com/@qiun/ucharts/-/ucharts-2.5.0-20230101.tgz",
			"integrity": "sha512-C7ccBgfPuGF6dxTRuMW0NPPMSCf1k/kh3I9zkRVBc5PaivudX/rPL+jd2Wty6gn5ya5L3Ob+YmYe09V5xw66Cw==",
			"license": "Apache"
		},
		"node_modules/moment": {
			"version": "2.30.1",
			"resolved": "https://registry.npmmirror.com/moment/-/moment-2.30.1.tgz",
			"integrity": "sha512-uEmtNhbDOrWPFS+hdjFCBfy9f2YoyzRpwcl+DqpC6taX21FzsTLQVbMV/W7PzNSX6x/bhC1zA3c2UQ5NzH6how==",
			"license": "MIT",
			"engines": {
				"node": "*"
			}
		}
	}
}
